// !$*UTF8*$!
{
	archiveVersion = 1;
	classes = {
	};
	objectVersion = 56;
	objects = {

/* Begin PBXBuildFile section */
		F15DA4B92BC953D800BB4F70 /* CaloriesTrackerApp.swift in Sources */ = {isa = PBXBuildFile; fileRef = F15DA4B82BC953D800BB4F70 /* CaloriesTrackerApp.swift */; };
		F15DA4BB2BC953D800BB4F70 /* ContentView.swift in Sources */ = {isa = PBXBuildFile; fileRef = F15DA4BA2BC953D800BB4F70 /* ContentView.swift */; };
		F15DA4BD2BC953D900BB4F70 /* Assets.xcassets in Resources */ = {isa = PBXBuildFile; fileRef = F15DA4BC2BC953D900BB4F70 /* Assets.xcassets */; };
		F15DA4C02BC953D900BB4F70 /* Preview Assets.xcassets in Resources */ = {isa = PBXBuildFile; fileRef = F15DA4BF2BC953D900BB4F70 /* Preview Assets.xcassets */; };
		F15DA4C92BC9542500BB4F70 /* FoodModel.xcdatamodeld in Sources */ = {isa = PBXBuildFile; fileRef = F15DA4C72BC9542500BB4F70 /* FoodModel.xcdatamodeld */; };
		F15DA4CB2BC954B100BB4F70 /* DataController.swift in Sources */ = {isa = PBXBuildFile; fileRef = F15DA4CA2BC954B100BB4F70 /* DataController.swift */; };
		F15DA4D02BC959C600BB4F70 /* AddFoodView.swift in Sources */ = {isa = PBXBuildFile; fileRef = F15DA4CF2BC959C600BB4F70 /* AddFoodView.swift */; };
		F15DA4D32BC95E9F00BB4F70 /* TimeFormat.swift in Sources */ = {isa = PBXBuildFile; fileRef = F15DA4D22BC95E9F00BB4F70 /* TimeFormat.swift */; };
/* End PBXBuildFile section */

/* Begin PBXFileReference section */
		F15DA4B52BC953D800BB4F70 /* CaloriesTracker.app */ = {isa = PBXFileReference; explicitFileType = wrapper.application; includeInIndex = 0; path = CaloriesTracker.app; sourceTree = BUILT_PRODUCTS_DIR; };
		F15DA4B82BC953D800BB4F70 /* CaloriesTrackerApp.swift */ = {isa = PBXFileReference; lastKnownFileType = sourcecode.swift; path = CaloriesTrackerApp.swift; sourceTree = "<group>"; };
		F15DA4BA2BC953D800BB4F70 /* ContentView.swift */ = {isa = PBXFileReference; lastKnownFileType = sourcecode.swift; path = ContentView.swift; sourceTree = "<group>"; };
		F15DA4BC2BC953D900BB4F70 /* Assets.xcassets */ = {isa = PBXFileReference; lastKnownFileType = folder.assetcatalog; path = Assets.xcassets; sourceTree = "<group>"; };
		F15DA4BF2BC953D900BB4F70 /* Preview Assets.xcassets */ = {isa = PBXFileReference; lastKnownFileType = folder.assetcatalog; path = "Preview Assets.xcassets"; sourceTree = "<group>"; };
		F15DA4C82BC9542500BB4F70 /* FoodModel.xcdatamodel */ = {isa = PBXFileReference; lastKnownFileType = wrapper.xcdatamodel; path = FoodModel.xcdatamodel; sourceTree = "<group>"; };
		F15DA4CA2BC954B100BB4F70 /* DataController.swift */ = {isa = PBXFileReference; lastKnownFileType = sourcecode.swift; path = DataController.swift; sourceTree = "<group>"; };
		F15DA4CF2BC959C600BB4F70 /* AddFoodView.swift */ = {isa = PBXFileReference; lastKnownFileType = sourcecode.swift; path = AddFoodView.swift; sourceTree = "<group>"; };
		F15DA4D22BC95E9F00BB4F70 /* TimeFormat.swift */ = {isa = PBXFileReference; lastKnownFileType = sourcecode.swift; path = TimeFormat.swift; sourceTree = "<group>"; };
/* End PBXFileReference section */

/* Begin PBXFrameworksBuildPhase section */
		F15DA4B22BC953D800BB4F70 /* Frameworks */ = {
			isa = PBXFrameworksBuildPhase;
			buildActionMask = 2147483647;
			files = (
			);
			runOnlyForDeploymentPostprocessing = 0;
		};
/* End PBXFrameworksBuildPhase section */

/* Begin PBXGroup section */
		F15DA4AC2BC953D800BB4F70 = {
			isa = PBXGroup;
			children = (
				F15DA4B72BC953D800BB4F70 /* CaloriesTracker */,
				F15DA4B62BC953D800BB4F70 /* Products */,
			);
			sourceTree = "<group>";
		};
		F15DA4B62BC953D800BB4F70 /* Products */ = {
			isa = PBXGroup;
			children = (
				F15DA4B52BC953D800BB4F70 /* CaloriesTracker.app */,
			);
			name = Products;
			sourceTree = "<group>";
		};
		F15DA4B72BC953D800BB4F70 /* CaloriesTracker */ = {
			isa = PBXGroup;
			children = (
				F15DA4B82BC953D800BB4F70 /* CaloriesTrackerApp.swift */,
				F15DA4CC2BC9598300BB4F70 /* View */,
				F15DA4C62BC9540C00BB4F70 /* DataModel */,
				F15DA4D12BC95E8B00BB4F70 /* Util */,
				F15DA4BC2BC953D900BB4F70 /* Assets.xcassets */,
				F15DA4BE2BC953D900BB4F70 /* Preview Content */,
			);
			path = CaloriesTracker;
			sourceTree = "<group>";
		};
		F15DA4BE2BC953D900BB4F70 /* Preview Content */ = {
			isa = PBXGroup;
			children = (
				F15DA4BF2BC953D900BB4F70 /* Preview Assets.xcassets */,
			);
			path = "Preview Content";
			sourceTree = "<group>";
		};
		F15DA4C62BC9540C00BB4F70 /* DataModel */ = {
			isa = PBXGroup;
			children = (
				F15DA4C72BC9542500BB4F70 /* FoodModel.xcdatamodeld */,
				F15DA4CA2BC954B100BB4F70 /* DataController.swift */,
			);
			path = DataModel;
			sourceTree = "<group>";
		};
		F15DA4CC2BC9598300BB4F70 /* View */ = {
			isa = PBXGroup;
			children = (
				F15DA4BA2BC953D800BB4F70 /* ContentView.swift */,
				F15DA4CF2BC959C600BB4F70 /* AddFoodView.swift */,
			);
			path = View;
			sourceTree = "<group>";
		};
		F15DA4D12BC95E8B00BB4F70 /* Util */ = {
			isa = PBXGroup;
			children = (
				F15DA4D22BC95E9F00BB4F70 /* TimeFormat.swift */,
			);
			path = Util;
			sourceTree = "<group>";
		};
/* End PBXGroup section */

/* Begin PBXNativeTarget section */
		F15DA4B42BC953D800BB4F70 /* CaloriesTracker */ = {
			isa = PBXNativeTarget;
			buildConfigurationList = F15DA4C32BC953D900BB4F70 /* Build configuration list for PBXNativeTarget "CaloriesTracker" */;
			buildPhases = (
				F15DA4B12BC953D800BB4F70 /* Sources */,
				F15DA4B22BC953D800BB4F70 /* Frameworks */,
				F15DA4B32BC953D800BB4F70 /* Resources */,
			);
			buildRules = (
			);
			dependencies = (
			);
			name = CaloriesTracker;
			productName = CaloriesTracker;
			productReference = F15DA4B52BC953D800BB4F70 /* CaloriesTracker.app */;
			productType = "com.apple.product-type.application";
		};
/* End PBXNativeTarget section */

/* Begin PBXProject section */
		F15DA4AD2BC953D800BB4F70 /* Project object */ = {
			isa = PBXProject;
			attributes = {
				BuildIndependentTargetsInParallel = 1;
				LastSwiftUpdateCheck = 1520;
				LastUpgradeCheck = 1520;
				TargetAttributes = {
					F15DA4B42BC953D800BB4F70 = {
						CreatedOnToolsVersion = 15.2;
					};
				};
			};
			buildConfigurationList = F15DA4B02BC953D800BB4F70 /* Build configuration list for PBXProject "CaloriesTracker" */;
			compatibilityVersion = "Xcode 14.0";
			developmentRegion = en;
			hasScannedForEncodings = 0;
			knownRegions = (
				en,
				Base,
			);
			mainGroup = F15DA4AC2BC953D800BB4F70;
			productRefGroup = F15DA4B62BC953D800BB4F70 /* Products */;
			projectDirPath = "";
			projectRoot = "";
			targets = (
				F15DA4B42BC953D800BB4F70 /* CaloriesTracker */,
			);
		};
/* End PBXProject section */

/* Begin PBXResourcesBuildPhase section */
		F15DA4B32BC953D800BB4F70 /* Resources */ = {
			isa = PBXResourcesBuildPhase;
			buildActionMask = 2147483647;
			files = (
				F15DA4C02BC953D900BB4F70 /* Preview Assets.xcassets in Resources */,
				F15DA4BD2BC953D900BB4F70 /* Assets.xcassets in Resources */,
			);
			runOnlyForDeploymentPostprocessing = 0;
		};
/* End PBXResourcesBuildPhase section */

/* Begin PBXSourcesBuildPhase section */
		F15DA4B12BC953D800BB4F70 /* Sources */ = {
			isa = PBXSourcesBuildPhase;
			buildActionMask = 2147483647;
			files = (
				F15DA4D32BC95E9F00BB4F70 /* TimeFormat.swift in Sources */,
				F15DA4BB2BC953D800BB4F70 /* ContentView.swift in Sources */,
				F15DA4CB2BC954B100BB4F70 /* DataController.swift in Sources */,
				F15DA4D02BC959C600BB4F70 /* AddFoodView.swift in Sources */,
				F15DA4B92BC953D800BB4F70 /* CaloriesTrackerApp.swift in Sources */,
				F15DA4C92BC9542500BB4F70 /* FoodModel.xcdatamodeld in Sources */,
			);
			runOnlyForDeploymentPostprocessing = 0;
		};
/* End PBXSourcesBuildPhase section */

/* Begin XCBuildConfiguration section */
		F15DA4C12BC953D900BB4F70 /* Debug */ = {
			isa = XCBuildConfiguration;
			buildSettings = {
				ALWAYS_SEARCH_USER_PATHS = NO;
				ASSETCATALOG_COMPILER_GENERATE_SWIFT_ASSET_SYMBOL_EXTENSIONS = YES;
				CLANG_ANALYZER_NONNULL = YES;
				CLANG_ANALYZER_NUMBER_OBJECT_CONVERSION = YES_AGGRESSIVE;
				CLANG_CXX_LANGUAGE_STANDARD = "gnu++20";
				CLANG_ENABLE_MODULES = YES;
				CLANG_ENABLE_OBJC_ARC = YES;
				CLANG_ENABLE_OBJC_WEAK = YES;
				CLANG_WARN_BLOCK_CAPTURE_AUTORELEASING = YES;
				CLANG_WARN_BOOL_CONVERSION = YES;
				CLANG_WARN_COMMA = YES;
				CLANG_WARN_CONSTANT_CONVERSION = YES;
				CLANG_WARN_DEPRECATED_OBJC_IMPLEMENTATIONS = YES;
				CLANG_WARN_DIRECT_OBJC_ISA_USAGE = YES_ERROR;
				CLANG_WARN_DOCUMENTATION_COMMENTS = YES;
				CLANG_WARN_EMPTY_BODY = YES;
				CLANG_WARN_ENUM_CONVERSION = YES;
				CLANG_WARN_INFINITE_RECURSION = YES;
				CLANG_WARN_INT_CONVERSION = YES;
				CLANG_WARN_NON_LITERAL_NULL_CONVERSION = YES;
				CLANG_WARN_OBJC_IMPLICIT_RETAIN_SELF = YES;
				CLANG_WARN_OBJC_LITERAL_CONVERSION = YES;
				CLANG_WARN_OBJC_ROOT_CLASS = YES_ERROR;
				CLANG_WARN_QUOTED_INCLUDE_IN_FRAMEWORK_HEADER = YES;
				CLANG_WARN_RANGE_LOOP_ANALYSIS = YES;
				CLANG_WARN_STRICT_PROTOTYPES = YES;
				CLANG_WARN_SUSPICIOUS_MOVE = YES;
				CLANG_WARN_UNGUARDED_AVAILABILITY = YES_AGGRESSIVE;
				CLANG_WARN_UNREACHABLE_CODE = YES;
				CLANG_WARN__DUPLICATE_METHOD_MATCH = YES;
				COPY_PHASE_STRIP = NO;
				DEBUG_INFORMATION_FORMAT = dwarf;
				ENABLE_STRICT_OBJC_MSGSEND = YES;
				ENABLE_TESTABILITY = YES;
				ENABLE_USER_SCRIPT_SANDBOXING = YES;
				GCC_C_LANGUAGE_STANDARD = gnu17;
				GCC_DYNAMIC_NO_PIC = NO;
				GCC_NO_COMMON_BLOCKS = YES;
				GCC_OPTIMIZATION_LEVEL = 0;
				GCC_PREPROCESSOR_DEFINITIONS = (
					"DEBUG=1",
					"$(inherited)",
				);
				GCC_WARN_64_TO_32_BIT_CONVERSION = YES;
				GCC_WARN_ABOUT_RETURN_TYPE = YES_ERROR;
				GCC_WARN_UNDECLARED_SELECTOR = YES;
				GCC_WARN_UNINITIALIZED_AUTOS = YES_AGGRESSIVE;
				GCC_WARN_UNUSED_FUNCTION = YES;
				GCC_WARN_UNUSED_VARIABLE = YES;
				IPHONEOS_DEPLOYMENT_TARGET = 17.2;
				LOCALIZATION_PREFERS_STRING_CATALOGS = YES;
				MTL_ENABLE_DEBUG_INFO = INCLUDE_SOURCE;
				MTL_FAST_MATH = YES;
				ONLY_ACTIVE_ARCH = YES;
				SDKROOT = iphoneos;
				SWIFT_ACTIVE_COMPILATION_CONDITIONS = "DEBUG $(inherited)";
				SWIFT_OPTIMIZATION_LEVEL = "-Onone";
			};
			name = Debug;
		};
		F15DA4C22BC953D900BB4F70 /* Release */ = {
			isa = XCBuildConfiguration;
			buildSettings = {
				ALWAYS_SEARCH_USER_PATHS = NO;
				ASSETCATALOG_COMPILER_GENERATE_SWIFT_ASSET_SYMBOL_EXTENSIONS = YES;
				CLANG_ANALYZER_NONNULL = YES;
				CLANG_ANALYZER_NUMBER_OBJECT_CONVERSION = YES_AGGRESSIVE;
				CLANG_CXX_LANGUAGE_STANDARD = "gnu++20";
				CLANG_ENABLE_MODULES = YES;
				CLANG_ENABLE_OBJC_ARC = YES;
				CLANG_ENABLE_OBJC_WEAK = YES;
				CLANG_WARN_BLOCK_CAPTURE_AUTORELEASING = YES;
				CLANG_WARN_BOOL_CONVERSION = YES;
				CLANG_WARN_COMMA = YES;
				CLANG_WARN_CONSTANT_CONVERSION = YES;
				CLANG_WARN_DEPRECATED_OBJC_IMPLEMENTATIONS = YES;
				CLANG_WARN_DIRECT_OBJC_ISA_USAGE = YES_ERROR;
				CLANG_WARN_DOCUMENTATION_COMMENTS = YES;
				CLANG_WARN_EMPTY_BODY = YES;
				CLANG_WARN_ENUM_CONVERSION = YES;
				CLANG_WARN_INFINITE_RECURSION = YES;
				CLANG_WARN_INT_CONVERSION = YES;
				CLANG_WARN_NON_LITERAL_NULL_CONVERSION = YES;
				CLANG_WARN_OBJC_IMPLICIT_RETAIN_SELF = YES;
				CLANG_WARN_OBJC_LITERAL_CONVERSION = YES;
				CLANG_WARN_OBJC_ROOT_CLASS = YES_ERROR;
				CLANG_WARN_QUOTED_INCLUDE_IN_FRAMEWORK_HEADER = YES;
				CLANG_WARN_RANGE_LOOP_ANALYSIS = YES;
				CLANG_WARN_STRICT_PROTOTYPES = YES;
				CLANG_WARN_SUSPICIOUS_MOVE = YES;
				CLANG_WARN_UNGUARDED_AVAILABILITY = YES_AGGRESSIVE;
				CLANG_WARN_UNREACHABLE_CODE = YES;
				CLANG_WARN__DUPLICATE_METHOD_MATCH = YES;
				COPY_PHASE_STRIP = NO;
				DEBUG_INFORMATION_FORMAT = "dwarf-with-dsym";
				ENABLE_NS_ASSERTIONS = NO;
				ENABLE_STRICT_OBJC_MSGSEND = YES;
				ENABLE_USER_SCRIPT_SANDBOXING = YES;
				GCC_C_LANGUAGE_STANDARD = gnu17;
				GCC_NO_COMMON_BLOCKS = YES;
				GCC_WARN_64_TO_32_BIT_CONVERSION = YES;
				GCC_WARN_ABOUT_RETURN_TYPE = YES_ERROR;
				GCC_WARN_UNDECLARED_SELECTOR = YES;
				GCC_WARN_UNINITIALIZED_AUTOS = YES_AGGRESSIVE;
				GCC_WARN_UNUSED_FUNCTION = YES;
				GCC_WARN_UNUSED_VARIABLE = YES;
				IPHONEOS_DEPLOYMENT_TARGET = 17.2;
				LOCALIZATION_PREFERS_STRING_CATALOGS = YES;
				MTL_ENABLE_DEBUG_INFO = NO;
				MTL_FAST_MATH = YES;
				SDKROOT = iphoneos;
				SWIFT_COMPILATION_MODE = wholemodule;
				VALIDATE_PRODUCT = YES;
			};
			name = Release;
		};
		F15DA4C42BC953D900BB4F70 /* Debug */ = {
			isa = XCBuildConfiguration;
			buildSettings = {
				ASSETCATALOG_COMPILER_APPICON_NAME = AppIcon;
				ASSETCATALOG_COMPILER_GLOBAL_ACCENT_COLOR_NAME = AccentColor;
				CODE_SIGN_STYLE = Automatic;
				CURRENT_PROJECT_VERSION = 1;
				DEVELOPMENT_ASSET_PATHS = "\"CaloriesTracker/Preview Content\"";
				DEVELOPMENT_TEAM = CARBM63FQD;
				ENABLE_PREVIEWS = YES;
				GENERATE_INFOPLIST_FILE = YES;
				INFOPLIST_KEY_UIApplicationSceneManifest_Generation = YES;
				INFOPLIST_KEY_UIApplicationSupportsIndirectInputEvents = YES;
				INFOPLIST_KEY_UILaunchScreen_Generation = YES;
				INFOPLIST_KEY_UISupportedInterfaceOrientations_iPad = "UIInterfaceOrientationPortrait UIInterfaceOrientationPortraitUpsideDown UIInterfaceOrientationLandscapeLeft UIInterfaceOrientationLandscapeRight";
				INFOPLIST_KEY_UISupportedInterfaceOrientations_iPhone = "UIInterfaceOrientationPortrait UIInterfaceOrientationLandscapeLeft UIInterfaceOrientationLandscapeRight";
				LD_RUNPATH_SEARCH_PATHS = (
					"$(inherited)",
					"@executable_path/Frameworks",
				);
				MARKETING_VERSION = 1.0;
				PRODUCT_BUNDLE_IDENTIFIER = com.chris.min.CaloriesTracker;
				PRODUCT_NAME = "$(TARGET_NAME)";
				SWIFT_EMIT_LOC_STRINGS = YES;
				SWIFT_VERSION = 5.0;
				TARGETED_DEVICE_FAMILY = "1,2";
			};
			name = Debug;
		};
		F15DA4C52BC953D900BB4F70 /* Release */ = {
			isa = XCBuildConfiguration;
			buildSettings = {
				ASSETCATALOG_COMPILER_APPICON_NAME = AppIcon;
				ASSETCATALOG_COMPILER_GLOBAL_ACCENT_COLOR_NAME = AccentColor;
				CODE_SIGN_STYLE = Automatic;
				CURRENT_PROJECT_VERSION = 1;
				DEVELOPMENT_ASSET_PATHS = "\"CaloriesTracker/Preview Content\"";
				DEVELOPMENT_TEAM = CARBM63FQD;
				ENABLE_PREVIEWS = YES;
				GENERATE_INFOPLIST_FILE = YES;
				INFOPLIST_KEY_UIApplicationSceneManifest_Generation = YES;
				INFOPLIST_KEY_UIApplicationSupportsIndirectInputEvents = YES;
				INFOPLIST_KEY_UILaunchScreen_Generation = YES;
				INFOPLIST_KEY_UISupportedInterfaceOrientations_iPad = "UIInterfaceOrientationPortrait UIInterfaceOrientationPortraitUpsideDown UIInterfaceOrientationLandscapeLeft UIInterfaceOrientationLandscapeRight";
				INFOPLIST_KEY_UISupportedInterfaceOrientations_iPhone = "UIInterfaceOrientationPortrait UIInterfaceOrientationLandscapeLeft UIInterfaceOrientationLandscapeRight";
				LD_RUNPATH_SEARCH_PATHS = (
					"$(inherited)",
					"@executable_path/Frameworks",
				);
				MARKETING_VERSION = 1.0;
				PRODUCT_BUNDLE_IDENTIFIER = com.chris.min.CaloriesTracker;
				PRODUCT_NAME = "$(TARGET_NAME)";
				SWIFT_EMIT_LOC_STRINGS = YES;
				SWIFT_VERSION = 5.0;
				TARGETED_DEVICE_FAMILY = "1,2";
			};
			name = Release;
		};
/* End XCBuildConfiguration section */

/* Begin XCConfigurationList section */
		F15DA4B02BC953D800BB4F70 /* Build configuration list for PBXProject "CaloriesTracker" */ = {
			isa = XCConfigurationList;
			buildConfigurations = (
				F15DA4C12BC953D900BB4F70 /* Debug */,
				F15DA4C22BC953D900BB4F70 /* Release */,
			);
			defaultConfigurationIsVisible = 0;
			defaultConfigurationName = Release;
		};
		F15DA4C32BC953D900BB4F70 /* Build configuration list for PBXNativeTarget "CaloriesTracker" */ = {
			isa = XCConfigurationList;
			buildConfigurations = (
				F15DA4C42BC953D900BB4F70 /* Debug */,
				F15DA4C52BC953D900BB4F70 /* Release */,
			);
			defaultConfigurationIsVisible = 0;
			defaultConfigurationName = Release;
		};
/* End XCConfigurationList section */

/* Begin XCVersionGroup section */
		F15DA4C72BC9542500BB4F70 /* FoodModel.xcdatamodeld */ = {
			isa = XCVersionGroup;
			children = (
				F15DA4C82BC9542500BB4F70 /* FoodModel.xcdatamodel */,
			);
			currentVersion = F15DA4C82BC9542500BB4F70 /* FoodModel.xcdatamodel */;
			path = FoodModel.xcdatamodeld;
			sourceTree = "<group>";
			versionGroupType = wrapper.xcdatamodel;
		};
/* End XCVersionGroup section */
	};
	rootObject = F15DA4AD2BC953D800BB4F70 /* Project object */;
}
